
Microsoft Visual Studio Solution File, Format Version 12.00
# Visual Studio 15
VisualStudioVersion = 15.0.28307.106
MinimumVisualStudioVersion = 10.0.40219.1
Project("{FAE04EC0-301F-11D3-BF4B-00C04F79EFBC}") = "Inventory System", "Inventory System\Inventory System.csproj", "{C91327C5-4821-4C40-BC21-628761E57347}"
EndProject
Global
	GlobalSection(SolutionConfigurationPlatforms) = preSolution
		Debug|Any CPU = Debug|Any CPU
		Release|Any CPU = Release|Any CPU
	EndGlobalSection
	GlobalSection(ProjectConfigurationPlatforms) = postSolution
		{C91327C5-4821-4C40-BC21-628761E57347}.Debug|Any CPU.ActiveCfg = Debug|Any CPU
		{C91327C5-4821-4C40-BC21-628761E57347}.Debug|Any CPU.Build.0 = Debug|Any CPU
		{C91327C5-4821-4C40-BC21-628761E57347}.Release|Any CPU.ActiveCfg = Release|Any CPU
		{C91327C5-4821-4C40-BC21-628761E57347}.Release|Any CPU.Build.0 = Release|Any CPU
	EndGlobalSection
	GlobalSection(SolutionProperties) = preSolution
		HideSolutionNode = FALSE
	EndGlobalSection
	GlobalSection(ExtensibilityGlobals) = postSolution
		SolutionGuid = {B6149BD7-AD6D-49DB-8FC0-32E2C1FD0535}
	EndGlobalSection
EndGlobal
